{
  "version": 4,
  "terraform_version": "1.13.4",
  "serial": 78,
  "lineage": "8c30f9ea-46ae-a235-c39e-2b61c79cdf81",
  "outputs": {
    "ecr_repository_url": {
      "value": "940663608218.dkr.ecr.ap-southeast-2.amazonaws.com/dinggo-app",
      "type": "string"
    },
    "nginx_repository_url": {
      "value": "940663608218.dkr.ecr.ap-southeast-2.amazonaws.com/dinggo-nginx",
      "type": "string"
    }
  },
  "resources": [
    {
      "mode": "managed",
      "type": "aws_ecr_repository",
      "name": "app",
      "provider": "provider[\"registry.terraform.io/hashicorp/aws\"]",
      "instances": [
        {
          "schema_version": 0,
          "attributes": {
            "arn": "arn:aws:ecr:ap-southeast-2:940663608218:repository/dinggo-app",
            "encryption_configuration": [
              {
                "encryption_type": "AES256",
                "kms_key": ""
              }
            ],
            "force_delete": null,
            "id": "dinggo-app",
            "image_scanning_configuration": [
              {
                "scan_on_push": false
              }
            ],
            "image_tag_mutability": "MUTABLE",
            "name": "dinggo-app",
            "registry_id": "940663608218",
            "repository_url": "940663608218.dkr.ecr.ap-southeast-2.amazonaws.com/dinggo-app",
            "tags": {
              "Name": "dinggo-app-repo"
            },
            "tags_all": {
              "Name": "dinggo-app-repo"
            },
            "timeouts": null
          },
          "sensitive_attributes": [],
          "identity_schema_version": 0,
          "private": "eyJlMmJmYjczMC1lY2FhLTExZTYtOGY4OC0zNDM2M2JjN2M0YzAiOnsiZGVsZXRlIjoxMjAwMDAwMDAwMDAwfX0="
        }
      ]
    },
    {
      "mode": "managed",
      "type": "aws_ecr_repository",
      "name": "nginx",
      "provider": "provider[\"registry.terraform.io/hashicorp/aws\"]",
      "instances": [
        {
          "schema_version": 0,
          "attributes": {
            "arn": "arn:aws:ecr:ap-southeast-2:940663608218:repository/dinggo-nginx",
            "encryption_configuration": [
              {
                "encryption_type": "AES256",
                "kms_key": ""
              }
            ],
            "force_delete": null,
            "id": "dinggo-nginx",
            "image_scanning_configuration": [
              {
                "scan_on_push": false
              }
            ],
            "image_tag_mutability": "MUTABLE",
            "name": "dinggo-nginx",
            "registry_id": "940663608218",
            "repository_url": "940663608218.dkr.ecr.ap-southeast-2.amazonaws.com/dinggo-nginx",
            "tags": {
              "Name": "dinggo-nginx-repo"
            },
            "tags_all": {
              "Name": "dinggo-nginx-repo"
            },
            "timeouts": null
          },
          "sensitive_attributes": [],
          "identity_schema_version": 0,
          "private": "eyJlMmJmYjczMC1lY2FhLTExZTYtOGY4OC0zNDM2M2JjN2M0YzAiOnsiZGVsZXRlIjoxMjAwMDAwMDAwMDAwfX0="
        }
      ]
    }
  ],
  "check_results": null
}
